
Microsoft Visual Studio Solution File, Format Version 12.00
# Visual Studio 15
VisualStudioVersion = 15.0.27703.2026
MinimumVisualStudioVersion = 10.0.40219.1
Project("{9A19103F-16F7-4668-BE54-9A1E7A4F7556}") = "Intel8080", "Intel8080\Intel8080.csproj", "{70B2DDB6-6A87-4C7A-AD1A-257E69554367}"
EndProject
Project("{9A19103F-16F7-4668-BE54-9A1E7A4F7556}") = "Intel8080.Tests", "Intel8080.Tests\Intel8080.Tests.csproj", "{DCD18EDC-BAB3-4F7E-B91D-C0B7BA1E0311}"
EndProject
Project("{FAE04EC0-301F-11D3-BF4B-00C04F79EFBC}") = "WindowsFormsApp", "WindowsFormsIO\WindowsFormsApp.csproj", "{A8DBC3C2-CA59-4D6C-A343-768C45A82E91}"
EndProject
Project("{9A19103F-16F7-4668-BE54-9A1E7A4F7556}") = "SpaceInvaders", "SpaceInvaders\SpaceInvaders.csproj", "{6F3BE871-43A2-4135-A55B-CF9C2376046C}"
EndProject
Global
	GlobalSection(SolutionConfigurationPlatforms) = preSolution
		Debug|Any CPU = Debug|Any CPU
		Release|Any CPU = Release|Any CPU
	EndGlobalSection
	GlobalSection(ProjectConfigurationPlatforms) = postSolution
		{70B2DDB6-6A87-4C7A-AD1A-257E69554367}.Debug|Any CPU.ActiveCfg = Debug|Any CPU
		{70B2DDB6-6A87-4C7A-AD1A-257E69554367}.Debug|Any CPU.Build.0 = Debug|Any CPU
		{70B2DDB6-6A87-4C7A-AD1A-257E69554367}.Release|Any CPU.ActiveCfg = Release|Any CPU
		{70B2DDB6-6A87-4C7A-AD1A-257E69554367}.Release|Any CPU.Build.0 = Release|Any CPU
		{DCD18EDC-BAB3-4F7E-B91D-C0B7BA1E0311}.Debug|Any CPU.ActiveCfg = Debug|Any CPU
		{DCD18EDC-BAB3-4F7E-B91D-C0B7BA1E0311}.Debug|Any CPU.Build.0 = Debug|Any CPU
		{DCD18EDC-BAB3-4F7E-B91D-C0B7BA1E0311}.Release|Any CPU.ActiveCfg = Release|Any CPU
		{DCD18EDC-BAB3-4F7E-B91D-C0B7BA1E0311}.Release|Any CPU.Build.0 = Release|Any CPU
		{A8DBC3C2-CA59-4D6C-A343-768C45A82E91}.Debug|Any CPU.ActiveCfg = Debug|Any CPU
		{A8DBC3C2-CA59-4D6C-A343-768C45A82E91}.Debug|Any CPU.Build.0 = Debug|Any CPU
		{A8DBC3C2-CA59-4D6C-A343-768C45A82E91}.Release|Any CPU.ActiveCfg = Release|Any CPU
		{A8DBC3C2-CA59-4D6C-A343-768C45A82E91}.Release|Any CPU.Build.0 = Release|Any CPU
		{6F3BE871-43A2-4135-A55B-CF9C2376046C}.Debug|Any CPU.ActiveCfg = Debug|Any CPU
		{6F3BE871-43A2-4135-A55B-CF9C2376046C}.Debug|Any CPU.Build.0 = Debug|Any CPU
		{6F3BE871-43A2-4135-A55B-CF9C2376046C}.Release|Any CPU.ActiveCfg = Release|Any CPU
		{6F3BE871-43A2-4135-A55B-CF9C2376046C}.Release|Any CPU.Build.0 = Release|Any CPU
	EndGlobalSection
	GlobalSection(SolutionProperties) = preSolution
		HideSolutionNode = FALSE
	EndGlobalSection
	GlobalSection(ExtensibilityGlobals) = postSolution
		SolutionGuid = {7110803D-41DD-4C3B-B5F0-C44E2D40C664}
	EndGlobalSection
EndGlobal
